
Microsoft Visual Studio Solution File, Format Version 12.00
# Visual Studio Version 17
VisualStudioVersion = 17.11.35312.102
MinimumVisualStudioVersion = 10.0.40219.1
Project("{FAE04EC0-301F-11D3-BF4B-00C04F79EFBC}") = "MFK", "MFK.csproj", "{47D9F86A-E68D-42DC-AE6E-1B30A10E4304}"
EndProject
Global
	GlobalSection(SolutionConfigurationPlatforms) = preSolution
		Debug|Any CPU = Debug|Any CPU
		Debug|x64 = Debug|x64
		Release|Any CPU = Release|Any CPU
		Release|x64 = Release|x64
	EndGlobalSection
	GlobalSection(ProjectConfigurationPlatforms) = postSolution
		{47D9F86A-E68D-42DC-AE6E-1B30A10E4304}.Debug|Any CPU.ActiveCfg = Debug|x64
		{47D9F86A-E68D-42DC-AE6E-1B30A10E4304}.Debug|x64.ActiveCfg = Debug|x64
		{47D9F86A-E68D-42DC-AE6E-1B30A10E4304}.Debug|x64.Build.0 = Debug|x64
		{47D9F86A-E68D-42DC-AE6E-1B30A10E4304}.Release|Any CPU.ActiveCfg = Release|x64
		{47D9F86A-E68D-42DC-AE6E-1B30A10E4304}.Release|x64.ActiveCfg = Release|x64
		{47D9F86A-E68D-42DC-AE6E-1B30A10E4304}.Release|x64.Build.0 = Release|x64
	EndGlobalSection
	GlobalSection(SolutionProperties) = preSolution
		HideSolutionNode = FALSE
	EndGlobalSection
	GlobalSection(ExtensibilityGlobals) = postSolution
		SolutionGuid = {78FEB41C-EE23-4CD0-91FA-FAA90AE1A7CA}
	EndGlobalSection
EndGlobal
